
Microsoft Visual Studio Solution File, Format Version 12.00
# Visual Studio Version 16
VisualStudioVersion = 16.0.30413.136
MinimumVisualStudioVersion = 10.0.40219.1
Project("{9A19103F-16F7-4668-BE54-9A1E7A4F7556}") = "Triton.FleetManagement.Web", "src\Triton.FleetManagement.Web.csproj", "{FDA76DCE-A292-4CF9-AD10-6EFDA2548260}"
EndProject
Project("{2150E333-8FDC-42A3-9474-1A3956D46DE8}") = "src", "src", "{83D36E18-E8AF-497C-A70C-7A7FE8D9EC4A}"
EndProject
Project("{2150E333-8FDC-42A3-9474-1A3956D46DE8}") = "tests", "tests", "{1BD5EFAB-0B51-4849-B92E-AE99C9EC0DDC}"
EndProject
Global
	GlobalSection(SolutionConfigurationPlatforms) = preSolution
		Debug|Any CPU = Debug|Any CPU
		Release|Any CPU = Release|Any CPU
	EndGlobalSection
	GlobalSection(ProjectConfigurationPlatforms) = postSolution
		{FDA76DCE-A292-4CF9-AD10-6EFDA2548260}.Debug|Any CPU.ActiveCfg = Debug|Any CPU
		{FDA76DCE-A292-4CF9-AD10-6EFDA2548260}.Debug|Any CPU.Build.0 = Debug|Any CPU
		{FDA76DCE-A292-4CF9-AD10-6EFDA2548260}.Release|Any CPU.ActiveCfg = Release|Any CPU
		{FDA76DCE-A292-4CF9-AD10-6EFDA2548260}.Release|Any CPU.Build.0 = Release|Any CPU
	EndGlobalSection
	GlobalSection(SolutionProperties) = preSolution
		HideSolutionNode = FALSE
	EndGlobalSection
	GlobalSection(NestedProjects) = preSolution
		{FDA76DCE-A292-4CF9-AD10-6EFDA2548260} = {83D36E18-E8AF-497C-A70C-7A7FE8D9EC4A}
	EndGlobalSection
	GlobalSection(ExtensibilityGlobals) = postSolution
		SolutionGuid = {34E8D279-68E0-4F86-AE3A-1BFBE0BE01BF}
	EndGlobalSection
EndGlobal
